
Microsoft Visual Studio Solution File, Format Version 12.00
# Visual Studio Version 16
VisualStudioVersion = 16.0.29709.97
MinimumVisualStudioVersion = 10.0.40219.1
Project("{FAE04EC0-301F-11D3-BF4B-00C04F79EFBC}") = "luval.vision.sink", "luval.vision.sink\luval.vision.sink.csproj", "{443E9AC3-B5FE-4F20-8B6F-87F59EBBC8F1}"
EndProject
Project("{FAE04EC0-301F-11D3-BF4B-00C04F79EFBC}") = "luval.tests", "luval.tests\luval.tests.csproj", "{3299F628-3097-4799-A9E2-EAC16D587FB8}"
EndProject
Project("{FAE04EC0-301F-11D3-BF4B-00C04F79EFBC}") = "luval.vision.core", "luval.vision.core\luval.vision.core.csproj", "{3B0B8704-3CB1-4CF6-9137-FB04F3A6F22A}"
EndProject
Global
	GlobalSection(SolutionConfigurationPlatforms) = preSolution
		CD_ROM|Any CPU = CD_ROM|Any CPU
		Debug|Any CPU = Debug|Any CPU
		DVD-5|Any CPU = DVD-5|Any CPU
		Release|Any CPU = Release|Any CPU
		SingleImage|Any CPU = SingleImage|Any CPU
	EndGlobalSection
	GlobalSection(ProjectConfigurationPlatforms) = postSolution
		{443E9AC3-B5FE-4F20-8B6F-87F59EBBC8F1}.CD_ROM|Any CPU.ActiveCfg = Release|Any CPU
		{443E9AC3-B5FE-4F20-8B6F-87F59EBBC8F1}.CD_ROM|Any CPU.Build.0 = Release|Any CPU
		{443E9AC3-B5FE-4F20-8B6F-87F59EBBC8F1}.Debug|Any CPU.ActiveCfg = Debug|Any CPU
		{443E9AC3-B5FE-4F20-8B6F-87F59EBBC8F1}.Debug|Any CPU.Build.0 = Debug|Any CPU
		{443E9AC3-B5FE-4F20-8B6F-87F59EBBC8F1}.DVD-5|Any CPU.ActiveCfg = Debug|Any CPU
		{443E9AC3-B5FE-4F20-8B6F-87F59EBBC8F1}.DVD-5|Any CPU.Build.0 = Debug|Any CPU
		{443E9AC3-B5FE-4F20-8B6F-87F59EBBC8F1}.Release|Any CPU.ActiveCfg = Release|Any CPU
		{443E9AC3-B5FE-4F20-8B6F-87F59EBBC8F1}.Release|Any CPU.Build.0 = Release|Any CPU
		{443E9AC3-B5FE-4F20-8B6F-87F59EBBC8F1}.SingleImage|Any CPU.ActiveCfg = Release|Any CPU
		{443E9AC3-B5FE-4F20-8B6F-87F59EBBC8F1}.SingleImage|Any CPU.Build.0 = Release|Any CPU
		{3299F628-3097-4799-A9E2-EAC16D587FB8}.CD_ROM|Any CPU.ActiveCfg = Release|Any CPU
		{3299F628-3097-4799-A9E2-EAC16D587FB8}.CD_ROM|Any CPU.Build.0 = Release|Any CPU
		{3299F628-3097-4799-A9E2-EAC16D587FB8}.Debug|Any CPU.ActiveCfg = Debug|Any CPU
		{3299F628-3097-4799-A9E2-EAC16D587FB8}.Debug|Any CPU.Build.0 = Debug|Any CPU
		{3299F628-3097-4799-A9E2-EAC16D587FB8}.DVD-5|Any CPU.ActiveCfg = Debug|Any CPU
		{3299F628-3097-4799-A9E2-EAC16D587FB8}.DVD-5|Any CPU.Build.0 = Debug|Any CPU
		{3299F628-3097-4799-A9E2-EAC16D587FB8}.Release|Any CPU.ActiveCfg = Release|Any CPU
		{3299F628-3097-4799-A9E2-EAC16D587FB8}.Release|Any CPU.Build.0 = Release|Any CPU
		{3299F628-3097-4799-A9E2-EAC16D587FB8}.SingleImage|Any CPU.ActiveCfg = Release|Any CPU
		{3299F628-3097-4799-A9E2-EAC16D587FB8}.SingleImage|Any CPU.Build.0 = Release|Any CPU
		{3B0B8704-3CB1-4CF6-9137-FB04F3A6F22A}.CD_ROM|Any CPU.ActiveCfg = Debug|Any CPU
		{3B0B8704-3CB1-4CF6-9137-FB04F3A6F22A}.CD_ROM|Any CPU.Build.0 = Debug|Any CPU
		{3B0B8704-3CB1-4CF6-9137-FB04F3A6F22A}.Debug|Any CPU.ActiveCfg = Debug|Any CPU
		{3B0B8704-3CB1-4CF6-9137-FB04F3A6F22A}.Debug|Any CPU.Build.0 = Debug|Any CPU
		{3B0B8704-3CB1-4CF6-9137-FB04F3A6F22A}.DVD-5|Any CPU.ActiveCfg = Debug|Any CPU
		{3B0B8704-3CB1-4CF6-9137-FB04F3A6F22A}.DVD-5|Any CPU.Build.0 = Debug|Any CPU
		{3B0B8704-3CB1-4CF6-9137-FB04F3A6F22A}.Release|Any CPU.ActiveCfg = Release|Any CPU
		{3B0B8704-3CB1-4CF6-9137-FB04F3A6F22A}.Release|Any CPU.Build.0 = Release|Any CPU
		{3B0B8704-3CB1-4CF6-9137-FB04F3A6F22A}.SingleImage|Any CPU.ActiveCfg = Debug|Any CPU
		{3B0B8704-3CB1-4CF6-9137-FB04F3A6F22A}.SingleImage|Any CPU.Build.0 = Debug|Any CPU
	EndGlobalSection
	GlobalSection(SolutionProperties) = preSolution
		HideSolutionNode = FALSE
	EndGlobalSection
	GlobalSection(ExtensibilityGlobals) = postSolution
		SolutionGuid = {D3D8E232-3DD4-41DF-A042-D87DCE6EB478}
	EndGlobalSection
EndGlobal
