
Microsoft Visual Studio Solution File, Format Version 12.00
# Visual Studio 14
VisualStudioVersion = 14.0.25123.0
MinimumVisualStudioVersion = 10.0.40219.1
Project("{FAE04EC0-301F-11D3-BF4B-00C04F79EFBC}") = "luval.vision.core", "luval.vision.core\luval.vision.core.csproj", "{E2B1CE82-40C0-4F2B-9D00-A93425D7147F}"
EndProject
Project("{FAE04EC0-301F-11D3-BF4B-00C04F79EFBC}") = "luval.vision.sink", "luval.vision.sink\luval.vision.sink.csproj", "{443E9AC3-B5FE-4F20-8B6F-87F59EBBC8F1}"
EndProject
Global
	GlobalSection(SolutionConfigurationPlatforms) = preSolution
		CD_ROM|Any CPU = CD_ROM|Any CPU
		Debug|Any CPU = Debug|Any CPU
		DVD-5|Any CPU = DVD-5|Any CPU
		Release|Any CPU = Release|Any CPU
		SingleImage|Any CPU = SingleImage|Any CPU
	EndGlobalSection
	GlobalSection(ProjectConfigurationPlatforms) = postSolution
		{E2B1CE82-40C0-4F2B-9D00-A93425D7147F}.CD_ROM|Any CPU.ActiveCfg = Release|Any CPU
		{E2B1CE82-40C0-4F2B-9D00-A93425D7147F}.CD_ROM|Any CPU.Build.0 = Release|Any CPU
		{E2B1CE82-40C0-4F2B-9D00-A93425D7147F}.Debug|Any CPU.ActiveCfg = Debug|Any CPU
		{E2B1CE82-40C0-4F2B-9D00-A93425D7147F}.Debug|Any CPU.Build.0 = Debug|Any CPU
		{E2B1CE82-40C0-4F2B-9D00-A93425D7147F}.DVD-5|Any CPU.ActiveCfg = Debug|Any CPU
		{E2B1CE82-40C0-4F2B-9D00-A93425D7147F}.DVD-5|Any CPU.Build.0 = Debug|Any CPU
		{E2B1CE82-40C0-4F2B-9D00-A93425D7147F}.Release|Any CPU.ActiveCfg = Release|Any CPU
		{E2B1CE82-40C0-4F2B-9D00-A93425D7147F}.Release|Any CPU.Build.0 = Release|Any CPU
		{E2B1CE82-40C0-4F2B-9D00-A93425D7147F}.SingleImage|Any CPU.ActiveCfg = Release|Any CPU
		{E2B1CE82-40C0-4F2B-9D00-A93425D7147F}.SingleImage|Any CPU.Build.0 = Release|Any CPU
		{443E9AC3-B5FE-4F20-8B6F-87F59EBBC8F1}.CD_ROM|Any CPU.ActiveCfg = Release|Any CPU
		{443E9AC3-B5FE-4F20-8B6F-87F59EBBC8F1}.CD_ROM|Any CPU.Build.0 = Release|Any CPU
		{443E9AC3-B5FE-4F20-8B6F-87F59EBBC8F1}.Debug|Any CPU.ActiveCfg = Debug|Any CPU
		{443E9AC3-B5FE-4F20-8B6F-87F59EBBC8F1}.Debug|Any CPU.Build.0 = Debug|Any CPU
		{443E9AC3-B5FE-4F20-8B6F-87F59EBBC8F1}.DVD-5|Any CPU.ActiveCfg = Debug|Any CPU
		{443E9AC3-B5FE-4F20-8B6F-87F59EBBC8F1}.DVD-5|Any CPU.Build.0 = Debug|Any CPU
		{443E9AC3-B5FE-4F20-8B6F-87F59EBBC8F1}.Release|Any CPU.ActiveCfg = Release|Any CPU
		{443E9AC3-B5FE-4F20-8B6F-87F59EBBC8F1}.Release|Any CPU.Build.0 = Release|Any CPU
		{443E9AC3-B5FE-4F20-8B6F-87F59EBBC8F1}.SingleImage|Any CPU.ActiveCfg = Release|Any CPU
		{443E9AC3-B5FE-4F20-8B6F-87F59EBBC8F1}.SingleImage|Any CPU.Build.0 = Release|Any CPU
	EndGlobalSection
	GlobalSection(SolutionProperties) = preSolution
		HideSolutionNode = FALSE
	EndGlobalSection
EndGlobal
